
Microsoft Visual Studio Solution File, Format Version 12.00
# Visual Studio Version 16
VisualStudioVersion = 16.0.30711.63
MinimumVisualStudioVersion = 10.0.40219.1
Project("{9A19103F-16F7-4668-BE54-9A1E7A4F7556}") = "UnitConverter", "UnitConverter\UnitConverter.csproj", "{29243EDD-2232-4A4C-9971-16282FCA93A8}"
EndProject
Project("{9A19103F-16F7-4668-BE54-9A1E7A4F7556}") = "UnitConverterUnitTests", "UnitConverterUnitTests\UnitConverterUnitTests.csproj", "{826EAE74-9D3E-4370-8404-1A0E52A90EEB}"
EndProject
Global
	GlobalSection(SolutionConfigurationPlatforms) = preSolution
		Debug|Any CPU = Debug|Any CPU
		Release|Any CPU = Release|Any CPU
	EndGlobalSection
	GlobalSection(ProjectConfigurationPlatforms) = postSolution
		{29243EDD-2232-4A4C-9971-16282FCA93A8}.Debug|Any CPU.ActiveCfg = Debug|Any CPU
		{29243EDD-2232-4A4C-9971-16282FCA93A8}.Debug|Any CPU.Build.0 = Debug|Any CPU
		{29243EDD-2232-4A4C-9971-16282FCA93A8}.Release|Any CPU.ActiveCfg = Release|Any CPU
		{29243EDD-2232-4A4C-9971-16282FCA93A8}.Release|Any CPU.Build.0 = Release|Any CPU
		{826EAE74-9D3E-4370-8404-1A0E52A90EEB}.Debug|Any CPU.ActiveCfg = Debug|Any CPU
		{826EAE74-9D3E-4370-8404-1A0E52A90EEB}.Debug|Any CPU.Build.0 = Debug|Any CPU
		{826EAE74-9D3E-4370-8404-1A0E52A90EEB}.Release|Any CPU.ActiveCfg = Release|Any CPU
		{826EAE74-9D3E-4370-8404-1A0E52A90EEB}.Release|Any CPU.Build.0 = Release|Any CPU
	EndGlobalSection
	GlobalSection(SolutionProperties) = preSolution
		HideSolutionNode = FALSE
	EndGlobalSection
	GlobalSection(ExtensibilityGlobals) = postSolution
		SolutionGuid = {72FC901F-DD35-44E0-8A79-2BE3C4CE9ECD}
	EndGlobalSection
EndGlobal
